<?xml version="1.0" encoding="UTF-8" standalone="yes" ?>
<CodeBlocks_project_file>
	<FileVersion major="1" minor="6" />
	<Project>
		<Option title="Editor" />
		<Option pch_mode="2" />
		<Option compiler="gcc" />
		<Build>
			<Target title="Debug">
				<Option output="bin/Debug/Editor" prefix_auto="1" extension_auto="1" />
				<Option object_output="obj/Debug/" />
				<Option type="3" />
				<Option compiler="gcc" />
				<Option createDefFile="1" />
				<Option createStaticLib="1" />
				<Compiler>
					<Add option="-fPIC" />
					<Add option="-g" />
					<Add directory="../Engine" />
				</Compiler>
				<Linker>
					<Add library="../Engine/bin/Debug/libEngine.so" />
					<Add directory="../Engine/bin/Debug" />
				</Linker>
			</Target>
			<Target title="Release">
				<Option output="bin/Release/Editor" prefix_auto="1" extension_auto="1" />
				<Option object_output="obj/Release/" />
				<Option type="3" />
				<Option compiler="gcc" />
				<Option createDefFile="1" />
				<Option createStaticLib="1" />
				<Compiler>
					<Add option="-O2" />
				</Compiler>
				<Linker>
					<Add option="-s" />
				</Linker>
			</Target>
		</Build>
		<Compiler>
			<Add option="-Wall" />
			<Add option="-fexceptions" />
			<Add directory="../Engine" />
			<Add directory="../Lib/Imgui" />
			<Add directory="../Lib" />
		</Compiler>
		<Unit filename="../Lib/Imgui/imconfig-SFML.h" />
		<Unit filename="../Lib/Imgui/imconfig.h" />
		<Unit filename="../Lib/Imgui/imgui-SFML.cpp" />
		<Unit filename="../Lib/Imgui/imgui-SFML.h" />
		<Unit filename="../Lib/Imgui/imgui-SFML_export.h" />
		<Unit filename="../Lib/Imgui/imgui.cpp" />
		<Unit filename="../Lib/Imgui/imgui.h" />
		<Unit filename="../Lib/Imgui/imgui_draw.cpp" />
		<Unit filename="../Lib/Imgui/imgui_internal.h" />
		<Unit filename="../Lib/Imgui/imgui_tables.cpp" />
		<Unit filename="../Lib/Imgui/imgui_widgets.cpp" />
		<Unit filename="../Lib/Imgui/imstb_rectpack.h" />
		<Unit filename="../Lib/Imgui/imstb_textedit.h" />
		<Unit filename="../Lib/Imgui/imstb_truetype.h" />
		<Unit filename="Editor.cpp" />
		<Unit filename="Editor.hpp" />
		<Unit filename="Entity_tree.cpp">
			<Option compile="0" />
			<Option link="0" />
		</Unit>
		<Unit filename="Entity_tree.hpp" />
		<Unit filename="Panel.cpp" />
		<Unit filename="Panel.hpp" />
		<Extensions />
	</Project>
</CodeBlocks_project_file>
